// !$*UTF8*$!
{
	archiveVersion = 1;
	classes = {
	};
	objectVersion = 46;
	objects = {

/* Begin PBXBuildFile section */
		35C81D05ACEB463E3CEA64FF /* Pods_TestAlamofireManager.framework in Frameworks */ = {isa = PBXBuildFile; fileRef = 345C964758EC96DDAFC2D097 /* Pods_TestAlamofireManager.framework */; };
		9AB1205C1E51BBDB0053BF0E /* AppDelegate.swift in Sources */ = {isa = PBXBuildFile; fileRef = 9AB1205B1E51BBDB0053BF0E /* AppDelegate.swift */; };
		9AB1205E1E51BBDB0053BF0E /* ViewController.swift in Sources */ = {isa = PBXBuildFile; fileRef = 9AB1205D1E51BBDB0053BF0E /* ViewController.swift */; };
		9AB120611E51BBDB0053BF0E /* Main.storyboard in Resources */ = {isa = PBXBuildFile; fileRef = 9AB1205F1E51BBDB0053BF0E /* Main.storyboard */; };
		9AB120631E51BBDB0053BF0E /* Assets.xcassets in Resources */ = {isa = PBXBuildFile; fileRef = 9AB120621E51BBDB0053BF0E /* Assets.xcassets */; };
		9AB120661E51BBDB0053BF0E /* LaunchScreen.storyboard in Resources */ = {isa = PBXBuildFile; fileRef = 9AB120641E51BBDB0053BF0E /* LaunchScreen.storyboard */; };
		9AB1206E1E51BC160053BF0E /* AlamofireManager.swift in Sources */ = {isa = PBXBuildFile; fileRef = 9AB1206D1E51BC160053BF0E /* AlamofireManager.swift */; };
/* End PBXBuildFile section */

/* Begin PBXFileReference section */
		1EBAA503FC90481D8DF470A3 /* Pods-TestAlamofireManager.release.xcconfig */ = {isa = PBXFileReference; includeInIndex = 1; lastKnownFileType = text.xcconfig; name = "Pods-TestAlamofireManager.release.xcconfig"; path = "Pods/Target Support Files/Pods-TestAlamofireManager/Pods-TestAlamofireManager.release.xcconfig"; sourceTree = "<group>"; };
		345C964758EC96DDAFC2D097 /* Pods_TestAlamofireManager.framework */ = {isa = PBXFileReference; explicitFileType = wrapper.framework; includeInIndex = 0; path = Pods_TestAlamofireManager.framework; sourceTree = BUILT_PRODUCTS_DIR; };
		9AB120581E51BBDB0053BF0E /* TestAlamofireManager.app */ = {isa = PBXFileReference; explicitFileType = wrapper.application; includeInIndex = 0; path = TestAlamofireManager.app; sourceTree = BUILT_PRODUCTS_DIR; };
		9AB1205B1E51BBDB0053BF0E /* AppDelegate.swift */ = {isa = PBXFileReference; lastKnownFileType = sourcecode.swift; path = AppDelegate.swift; sourceTree = "<group>"; };
		9AB1205D1E51BBDB0053BF0E /* ViewController.swift */ = {isa = PBXFileReference; lastKnownFileType = sourcecode.swift; path = ViewController.swift; sourceTree = "<group>"; };
		9AB120601E51BBDB0053BF0E /* Base */ = {isa = PBXFileReference; lastKnownFileType = file.storyboard; name = Base; path = Base.lproj/Main.storyboard; sourceTree = "<group>"; };
		9AB120621E51BBDB0053BF0E /* Assets.xcassets */ = {isa = PBXFileReference; lastKnownFileType = folder.assetcatalog; path = Assets.xcassets; sourceTree = "<group>"; };
		9AB120651E51BBDB0053BF0E /* Base */ = {isa = PBXFileReference; lastKnownFileType = file.storyboard; name = Base; path = Base.lproj/LaunchScreen.storyboard; sourceTree = "<group>"; };
		9AB120671E51BBDB0053BF0E /* Info.plist */ = {isa = PBXFileReference; lastKnownFileType = text.plist.xml; path = Info.plist; sourceTree = "<group>"; };
		9AB1206D1E51BC160053BF0E /* AlamofireManager.swift */ = {isa = PBXFileReference; fileEncoding = 4; lastKnownFileType = sourcecode.swift; path = AlamofireManager.swift; sourceTree = "<group>"; };
		C59511E323DF30C91ABC8754 /* Pods-TestAlamofireManager.debug.xcconfig */ = {isa = PBXFileReference; includeInIndex = 1; lastKnownFileType = text.xcconfig; name = "Pods-TestAlamofireManager.debug.xcconfig"; path = "Pods/Target Support Files/Pods-TestAlamofireManager/Pods-TestAlamofireManager.debug.xcconfig"; sourceTree = "<group>"; };
/* End PBXFileReference section */

/* Begin PBXFrameworksBuildPhase section */
		9AB120551E51BBDB0053BF0E /* Frameworks */ = {
			isa = PBXFrameworksBuildPhase;
			buildActionMask = 2147483647;
			files = (
				35C81D05ACEB463E3CEA64FF /* Pods_TestAlamofireManager.framework in Frameworks */,
			);
			runOnlyForDeploymentPostprocessing = 0;
		};
/* End PBXFrameworksBuildPhase section */

/* Begin PBXGroup section */
		0E3746C43D932F0D518CCFDC /* Pods */ = {
			isa = PBXGroup;
			children = (
				C59511E323DF30C91ABC8754 /* Pods-TestAlamofireManager.debug.xcconfig */,
				1EBAA503FC90481D8DF470A3 /* Pods-TestAlamofireManager.release.xcconfig */,
			);
			name = Pods;
			sourceTree = "<group>";
		};
		9AB1204F1E51BBDB0053BF0E = {
			isa = PBXGroup;
			children = (
				9AB1205A1E51BBDB0053BF0E /* TestAlamofireManager */,
				9AB120591E51BBDB0053BF0E /* Products */,
				0E3746C43D932F0D518CCFDC /* Pods */,
				9BD6365BF1A9F76283F9CC24 /* Frameworks */,
			);
			sourceTree = "<group>";
		};
		9AB120591E51BBDB0053BF0E /* Products */ = {
			isa = PBXGroup;
			children = (
				9AB120581E51BBDB0053BF0E /* TestAlamofireManager.app */,
			);
			name = Products;
			sourceTree = "<group>";
		};
		9AB1205A1E51BBDB0053BF0E /* TestAlamofireManager */ = {
			isa = PBXGroup;
			children = (
				9AB1205B1E51BBDB0053BF0E /* AppDelegate.swift */,
				9AB1205D1E51BBDB0053BF0E /* ViewController.swift */,
				9AB1206D1E51BC160053BF0E /* AlamofireManager.swift */,
				9AB1205F1E51BBDB0053BF0E /* Main.storyboard */,
				9AB120621E51BBDB0053BF0E /* Assets.xcassets */,
				9AB120641E51BBDB0053BF0E /* LaunchScreen.storyboard */,
				9AB120671E51BBDB0053BF0E /* Info.plist */,
			);
			path = TestAlamofireManager;
			sourceTree = "<group>";
		};
		9BD6365BF1A9F76283F9CC24 /* Frameworks */ = {
			isa = PBXGroup;
			children = (
				345C964758EC96DDAFC2D097 /* Pods_TestAlamofireManager.framework */,
			);
			name = Frameworks;
			sourceTree = "<group>";
		};
/* End PBXGroup section */

/* Begin PBXNativeTarget section */
		9AB120571E51BBDB0053BF0E /* TestAlamofireManager */ = {
			isa = PBXNativeTarget;
			buildConfigurationList = 9AB1206A1E51BBDB0053BF0E /* Build configuration list for PBXNativeTarget "TestAlamofireManager" */;
			buildPhases = (
				6FF97B975EAEBFC54C92E248 /* [CP] Check Pods Manifest.lock */,
				9AB120541E51BBDB0053BF0E /* Sources */,
				9AB120551E51BBDB0053BF0E /* Frameworks */,
				9AB120561E51BBDB0053BF0E /* Resources */,
				6E8AC016738C8DB67CDB9B4A /* [CP] Embed Pods Frameworks */,
				B9C42564EB14BCF680518FCB /* [CP] Copy Pods Resources */,
			);
			buildRules = (
			);
			dependencies = (
			);
			name = TestAlamofireManager;
			productName = TestAlamofireManager;
			productReference = 9AB120581E51BBDB0053BF0E /* TestAlamofireManager.app */;
			productType = "com.apple.product-type.application";
		};
/* End PBXNativeTarget section */

/* Begin PBXProject section */
		9AB120501E51BBDB0053BF0E /* Project object */ = {
			isa = PBXProject;
			attributes = {
				LastSwiftUpdateCheck = 0820;
				LastUpgradeCheck = 0820;
				ORGANIZATIONNAME = AbbyLai;
				TargetAttributes = {
					9AB120571E51BBDB0053BF0E = {
						CreatedOnToolsVersion = 8.2.1;
						DevelopmentTeam = 83FNZMQQ79;
						ProvisioningStyle = Automatic;
					};
				};
			};
			buildConfigurationList = 9AB120531E51BBDB0053BF0E /* Build configuration list for PBXProject "TestAlamofireManager" */;
			compatibilityVersion = "Xcode 3.2";
			developmentRegion = English;
			hasScannedForEncodings = 0;
			knownRegions = (
				en,
				Base,
			);
			mainGroup = 9AB1204F1E51BBDB0053BF0E;
			productRefGroup = 9AB120591E51BBDB0053BF0E /* Products */;
			projectDirPath = "";
			projectRoot = "";
			targets = (
				9AB120571E51BBDB0053BF0E /* TestAlamofireManager */,
			);
		};
/* End PBXProject section */

/* Begin PBXResourcesBuildPhase section */
		9AB120561E51BBDB0053BF0E /* Resources */ = {
			isa = PBXResourcesBuildPhase;
			buildActionMask = 2147483647;
			files = (
				9AB120661E51BBDB0053BF0E /* LaunchScreen.storyboard in Resources */,
				9AB120631E51BBDB0053BF0E /* Assets.xcassets in Resources */,
				9AB120611E51BBDB0053BF0E /* Main.storyboard in Resources */,
			);
			runOnlyForDeploymentPostprocessing = 0;
		};
/* End PBXResourcesBuildPhase section */

/* Begin PBXShellScriptBuildPhase section */
		6E8AC016738C8DB67CDB9B4A /* [CP] Embed Pods Frameworks */ = {
			isa = PBXShellScriptBuildPhase;
			buildActionMask = 2147483647;
			files = (
			);
			inputPaths = (
			);
			name = "[CP] Embed Pods Frameworks";
			outputPaths = (
			);
			runOnlyForDeploymentPostprocessing = 0;
			shellPath = /bin/sh;
			shellScript = "\"${SRCROOT}/Pods/Target Support Files/Pods-TestAlamofireManager/Pods-TestAlamofireManager-frameworks.sh\"\n";
			showEnvVarsInLog = 0;
		};
		6FF97B975EAEBFC54C92E248 /* [CP] Check Pods Manifest.lock */ = {
			isa = PBXShellScriptBuildPhase;
			buildActionMask = 2147483647;
			files = (
			);
			inputPaths = (
			);
			name = "[CP] Check Pods Manifest.lock";
			outputPaths = (
			);
			runOnlyForDeploymentPostprocessing = 0;
			shellPath = /bin/sh;
			shellScript = "diff \"${PODS_ROOT}/../Podfile.lock\" \"${PODS_ROOT}/Manifest.lock\" > /dev/null\nif [ $? != 0 ] ; then\n    # print error to STDERR\n    echo \"error: The sandbox is not in sync with the Podfile.lock. Run 'pod install' or update your CocoaPods installation.\" >&2\n    exit 1\nfi\n";
			showEnvVarsInLog = 0;
		};
		B9C42564EB14BCF680518FCB /* [CP] Copy Pods Resources */ = {
			isa = PBXShellScriptBuildPhase;
			buildActionMask = 2147483647;
			files = (
			);
			inputPaths = (
			);
			name = "[CP] Copy Pods Resources";
			outputPaths = (
			);
			runOnlyForDeploymentPostprocessing = 0;
			shellPath = /bin/sh;
			shellScript = "\"${SRCROOT}/Pods/Target Support Files/Pods-TestAlamofireManager/Pods-TestAlamofireManager-resources.sh\"\n";
			showEnvVarsInLog = 0;
		};
/* End PBXShellScriptBuildPhase section */

/* Begin PBXSourcesBuildPhase section */
		9AB120541E51BBDB0053BF0E /* Sources */ = {
			isa = PBXSourcesBuildPhase;
			buildActionMask = 2147483647;
			files = (
				9AB1205E1E51BBDB0053BF0E /* ViewController.swift in Sources */,
				9AB1206E1E51BC160053BF0E /* AlamofireManager.swift in Sources */,
				9AB1205C1E51BBDB0053BF0E /* AppDelegate.swift in Sources */,
			);
			runOnlyForDeploymentPostprocessing = 0;
		};
/* End PBXSourcesBuildPhase section */

/* Begin PBXVariantGroup section */
		9AB1205F1E51BBDB0053BF0E /* Main.storyboard */ = {
			isa = PBXVariantGroup;
			children = (
				9AB120601E51BBDB0053BF0E /* Base */,
			);
			name = Main.storyboard;
			sourceTree = "<group>";
		};
		9AB120641E51BBDB0053BF0E /* LaunchScreen.storyboard */ = {
			isa = PBXVariantGroup;
			children = (
				9AB120651E51BBDB0053BF0E /* Base */,
			);
			name = LaunchScreen.storyboard;
			sourceTree = "<group>";
		};
/* End PBXVariantGroup section */

/* Begin XCBuildConfiguration section */
		9AB120681E51BBDB0053BF0E /* Debug */ = {
			isa = XCBuildConfiguration;
			buildSettings = {
				ALWAYS_SEARCH_USER_PATHS = NO;
				CLANG_ANALYZER_NONNULL = YES;
				CLANG_CXX_LANGUAGE_STANDARD = "gnu++0x";
				CLANG_CXX_LIBRARY = "libc++";
				CLANG_ENABLE_MODULES = YES;
				CLANG_ENABLE_OBJC_ARC = YES;
				CLANG_WARN_BOOL_CONVERSION = YES;
				CLANG_WARN_CONSTANT_CONVERSION = YES;
				CLANG_WARN_DIRECT_OBJC_ISA_USAGE = YES_ERROR;
				CLANG_WARN_DOCUMENTATION_COMMENTS = YES;
				CLANG_WARN_EMPTY_BODY = YES;
				CLANG_WARN_ENUM_CONVERSION = YES;
				CLANG_WARN_INFINITE_RECURSION = YES;
				CLANG_WARN_INT_CONVERSION = YES;
				CLANG_WARN_OBJC_ROOT_CLASS = YES_ERROR;
				CLANG_WARN_SUSPICIOUS_MOVE = YES;
				CLANG_WARN_UNREACHABLE_CODE = YES;
				CLANG_WARN__DUPLICATE_METHOD_MATCH = YES;
				"CODE_SIGN_IDENTITY[sdk=iphoneos*]" = "iPhone Developer";
				COPY_PHASE_STRIP = NO;
				DEBUG_INFORMATION_FORMAT = dwarf;
				ENABLE_STRICT_OBJC_MSGSEND = YES;
				ENABLE_TESTABILITY = YES;
				GCC_C_LANGUAGE_STANDARD = gnu99;
				GCC_DYNAMIC_NO_PIC = NO;
				GCC_NO_COMMON_BLOCKS = YES;
				GCC_OPTIMIZATION_LEVEL = 0;
				GCC_PREPROCESSOR_DEFINITIONS = (
					"DEBUG=1",
					"$(inherited)",
				);
				GCC_WARN_64_TO_32_BIT_CONVERSION = YES;
				GCC_WARN_ABOUT_RETURN_TYPE = YES_ERROR;
				GCC_WARN_UNDECLARED_SELECTOR = YES;
				GCC_WARN_UNINITIALIZED_AUTOS = YES_AGGRESSIVE;
				GCC_WARN_UNUSED_FUNCTION = YES;
				GCC_WARN_UNUSED_VARIABLE = YES;
				IPHONEOS_DEPLOYMENT_TARGET = 10.2;
				MTL_ENABLE_DEBUG_INFO = YES;
				ONLY_ACTIVE_ARCH = YES;
				SDKROOT = iphoneos;
				SWIFT_ACTIVE_COMPILATION_CONDITIONS = DEBUG;
				SWIFT_OPTIMIZATION_LEVEL = "-Onone";
				TARGETED_DEVICE_FAMILY = "1,2";
			};
			name = Debug;
		};
		9AB120691E51BBDB0053BF0E /* Release */ = {
			isa = XCBuildConfiguration;
			buildSettings = {
				ALWAYS_SEARCH_USER_PATHS = NO;
				CLANG_ANALYZER_NONNULL = YES;
				CLANG_CXX_LANGUAGE_STANDARD = "gnu++0x";
				CLANG_CXX_LIBRARY = "libc++";
				CLANG_ENABLE_MODULES = YES;
				CLANG_ENABLE_OBJC_ARC = YES;
				CLANG_WARN_BOOL_CONVERSION = YES;
				CLANG_WARN_CONSTANT_CONVERSION = YES;
				CLANG_WARN_DIRECT_OBJC_ISA_USAGE = YES_ERROR;
				CLANG_WARN_DOCUMENTATION_COMMENTS = YES;
				CLANG_WARN_EMPTY_BODY = YES;
				CLANG_WARN_ENUM_CONVERSION = YES;
				CLANG_WARN_INFINITE_RECURSION = YES;
				CLANG_WARN_INT_CONVERSION = YES;
				CLANG_WARN_OBJC_ROOT_CLASS = YES_ERROR;
				CLANG_WARN_SUSPICIOUS_MOVE = YES;
				CLANG_WARN_UNREACHABLE_CODE = YES;
				CLANG_WARN__DUPLICATE_METHOD_MATCH = YES;
				"CODE_SIGN_IDENTITY[sdk=iphoneos*]" = "iPhone Developer";
				COPY_PHASE_STRIP = NO;
				DEBUG_INFORMATION_FORMAT = "dwarf-with-dsym";
				ENABLE_NS_ASSERTIONS = NO;
				ENABLE_STRICT_OBJC_MSGSEND = YES;
				GCC_C_LANGUAGE_STANDARD = gnu99;
				GCC_NO_COMMON_BLOCKS = YES;
				GCC_WARN_64_TO_32_BIT_CONVERSION = YES;
				GCC_WARN_ABOUT_RETURN_TYPE = YES_ERROR;
				GCC_WARN_UNDECLARED_SELECTOR = YES;
				GCC_WARN_UNINITIALIZED_AUTOS = YES_AGGRESSIVE;
				GCC_WARN_UNUSED_FUNCTION = YES;
				GCC_WARN_UNUSED_VARIABLE = YES;
				IPHONEOS_DEPLOYMENT_TARGET = 10.2;
				MTL_ENABLE_DEBUG_INFO = NO;
				SDKROOT = iphoneos;
				SWIFT_OPTIMIZATION_LEVEL = "-Owholemodule";
				TARGETED_DEVICE_FAMILY = "1,2";
				VALIDATE_PRODUCT = YES;
			};
			name = Release;
		};
		9AB1206B1E51BBDB0053BF0E /* Debug */ = {
			isa = XCBuildConfiguration;
			baseConfigurationReference = C59511E323DF30C91ABC8754 /* Pods-TestAlamofireManager.debug.xcconfig */;
			buildSettings = {
				ASSETCATALOG_COMPILER_APPICON_NAME = AppIcon;
				DEVELOPMENT_TEAM = 83FNZMQQ79;
				INFOPLIST_FILE = TestAlamofireManager/Info.plist;
				IPHONEOS_DEPLOYMENT_TARGET = 9.0;
				LD_RUNPATH_SEARCH_PATHS = "$(inherited) @executable_path/Frameworks";
				PRODUCT_BUNDLE_IDENTIFIER = Abbyl.test.TestAlamofireManager;
				PRODUCT_NAME = "$(TARGET_NAME)";
				SWIFT_VERSION = 3.0;
			};
			name = Debug;
		};
		9AB1206C1E51BBDB0053BF0E /* Release */ = {
			isa = XCBuildConfiguration;
			baseConfigurationReference = 1EBAA503FC90481D8DF470A3 /* Pods-TestAlamofireManager.release.xcconfig */;
			buildSettings = {
				ASSETCATALOG_COMPILER_APPICON_NAME = AppIcon;
				DEVELOPMENT_TEAM = 83FNZMQQ79;
				INFOPLIST_FILE = TestAlamofireManager/Info.plist;
				IPHONEOS_DEPLOYMENT_TARGET = 9.0;
				LD_RUNPATH_SEARCH_PATHS = "$(inherited) @executable_path/Frameworks";
				PRODUCT_BUNDLE_IDENTIFIER = Abbyl.test.TestAlamofireManager;
				PRODUCT_NAME = "$(TARGET_NAME)";
				SWIFT_VERSION = 3.0;
			};
			name = Release;
		};
/* End XCBuildConfiguration section */

/* Begin XCConfigurationList section */
		9AB120531E51BBDB0053BF0E /* Build configuration list for PBXProject "TestAlamofireManager" */ = {
			isa = XCConfigurationList;
			buildConfigurations = (
				9AB120681E51BBDB0053BF0E /* Debug */,
				9AB120691E51BBDB0053BF0E /* Release */,
			);
			defaultConfigurationIsVisible = 0;
			defaultConfigurationName = Release;
		};
		9AB1206A1E51BBDB0053BF0E /* Build configuration list for PBXNativeTarget "TestAlamofireManager" */ = {
			isa = XCConfigurationList;
			buildConfigurations = (
				9AB1206B1E51BBDB0053BF0E /* Debug */,
				9AB1206C1E51BBDB0053BF0E /* Release */,
			);
			defaultConfigurationIsVisible = 0;
			defaultConfigurationName = Release;
		};
/* End XCConfigurationList section */
	};
	rootObject = 9AB120501E51BBDB0053BF0E /* Project object */;
}
